
Microsoft Visual Studio Solution File, Format Version 12.00
# Visual Studio Version 16
VisualStudioVersion = 16.0.32929.386
MinimumVisualStudioVersion = 10.0.40219.1
Project("{9A19103F-16F7-4668-BE54-9A1E7A4F7556}") = "01-TratamentoExcecoes", "01-TratamentoExcecoes.csproj", "{F4A2A529-15F9-43C4-BDFE-949EDDFEBFFB}"
EndProject
Project("{9A19103F-16F7-4668-BE54-9A1E7A4F7556}") = "02-ReservaHotelMuitoRuin", "..\ReservaHotel\02-ReservaHotelMuitoRuin.csproj", "{0221C388-E006-4CEB-9D8D-F839F8459C23}"
EndProject
Project("{9A19103F-16F7-4668-BE54-9A1E7A4F7556}") = "03-ReservaHotelRuin", "..\ReservaHotelRuin\03-ReservaHotelRuin.csproj", "{1395D0BF-05B5-4403-BA17-56A76EBE5F58}"
EndProject
Project("{FAE04EC0-301F-11D3-BF4B-00C04F79EFBC}") = "04-ReservaHotemBom", "..\ReservaHotemBom\04-ReservaHotemBom.csproj", "{1C0A4D7A-AEB5-465C-8E1D-3E810B996386}"
EndProject
Project("{FAE04EC0-301F-11D3-BF4B-00C04F79EFBC}") = "05-ContaBancariaExercicioFixacao", "..\04-ContaBancariaExercicioFixacao\05-ContaBancariaExercicioFixacao.csproj", "{BA615871-3D85-4268-9FDA-FA677EFBC0EB}"
EndProject
Global
	GlobalSection(SolutionConfigurationPlatforms) = preSolution
		Debug|Any CPU = Debug|Any CPU
		Release|Any CPU = Release|Any CPU
	EndGlobalSection
	GlobalSection(ProjectConfigurationPlatforms) = postSolution
		{F4A2A529-15F9-43C4-BDFE-949EDDFEBFFB}.Debug|Any CPU.ActiveCfg = Debug|Any CPU
		{F4A2A529-15F9-43C4-BDFE-949EDDFEBFFB}.Debug|Any CPU.Build.0 = Debug|Any CPU
		{F4A2A529-15F9-43C4-BDFE-949EDDFEBFFB}.Release|Any CPU.ActiveCfg = Release|Any CPU
		{F4A2A529-15F9-43C4-BDFE-949EDDFEBFFB}.Release|Any CPU.Build.0 = Release|Any CPU
		{0221C388-E006-4CEB-9D8D-F839F8459C23}.Debug|Any CPU.ActiveCfg = Debug|Any CPU
		{0221C388-E006-4CEB-9D8D-F839F8459C23}.Debug|Any CPU.Build.0 = Debug|Any CPU
		{0221C388-E006-4CEB-9D8D-F839F8459C23}.Release|Any CPU.ActiveCfg = Release|Any CPU
		{0221C388-E006-4CEB-9D8D-F839F8459C23}.Release|Any CPU.Build.0 = Release|Any CPU
		{1395D0BF-05B5-4403-BA17-56A76EBE5F58}.Debug|Any CPU.ActiveCfg = Debug|Any CPU
		{1395D0BF-05B5-4403-BA17-56A76EBE5F58}.Debug|Any CPU.Build.0 = Debug|Any CPU
		{1395D0BF-05B5-4403-BA17-56A76EBE5F58}.Release|Any CPU.ActiveCfg = Release|Any CPU
		{1395D0BF-05B5-4403-BA17-56A76EBE5F58}.Release|Any CPU.Build.0 = Release|Any CPU
		{1C0A4D7A-AEB5-465C-8E1D-3E810B996386}.Debug|Any CPU.ActiveCfg = Debug|Any CPU
		{1C0A4D7A-AEB5-465C-8E1D-3E810B996386}.Debug|Any CPU.Build.0 = Debug|Any CPU
		{1C0A4D7A-AEB5-465C-8E1D-3E810B996386}.Release|Any CPU.ActiveCfg = Release|Any CPU
		{1C0A4D7A-AEB5-465C-8E1D-3E810B996386}.Release|Any CPU.Build.0 = Release|Any CPU
		{BA615871-3D85-4268-9FDA-FA677EFBC0EB}.Debug|Any CPU.ActiveCfg = Debug|Any CPU
		{BA615871-3D85-4268-9FDA-FA677EFBC0EB}.Debug|Any CPU.Build.0 = Debug|Any CPU
		{BA615871-3D85-4268-9FDA-FA677EFBC0EB}.Release|Any CPU.ActiveCfg = Release|Any CPU
		{BA615871-3D85-4268-9FDA-FA677EFBC0EB}.Release|Any CPU.Build.0 = Release|Any CPU
	EndGlobalSection
	GlobalSection(SolutionProperties) = preSolution
		HideSolutionNode = FALSE
	EndGlobalSection
	GlobalSection(ExtensibilityGlobals) = postSolution
		SolutionGuid = {180520E5-7EB7-4C93-A9A0-CA0295DF2ACC}
	EndGlobalSection
EndGlobal
